// !$*UTF8*$!
{
	archiveVersion = 1;
	classes = {
	};
	objectVersion = 50;
	objects = {

/* Begin PBXBuildFile section */
		861F12B5226395A300FA5C18 /* AppDelegate.swift in Sources */ = {isa = PBXBuildFile; fileRef = 861F12B4226395A300FA5C18 /* AppDelegate.swift */; };
		861F12B7226395A300FA5C18 /* ViewController.swift in Sources */ = {isa = PBXBuildFile; fileRef = 861F12B6226395A300FA5C18 /* ViewController.swift */; };
		861F12BA226395A300FA5C18 /* Main.storyboard in Resources */ = {isa = PBXBuildFile; fileRef = 861F12B8226395A300FA5C18 /* Main.storyboard */; };
		861F12BC226395A400FA5C18 /* Assets.xcassets in Resources */ = {isa = PBXBuildFile; fileRef = 861F12BB226395A400FA5C18 /* Assets.xcassets */; };
		861F12BF226395A400FA5C18 /* LaunchScreen.storyboard in Resources */ = {isa = PBXBuildFile; fileRef = 861F12BD226395A400FA5C18 /* LaunchScreen.storyboard */; };
		861F12C722639A3400FA5C18 /* Page02Controller.swift in Sources */ = {isa = PBXBuildFile; fileRef = 861F12C622639A3400FA5C18 /* Page02Controller.swift */; };
		861F12C92263A03A00FA5C18 /* CameraViewController.swift in Sources */ = {isa = PBXBuildFile; fileRef = 861F12C82263A03A00FA5C18 /* CameraViewController.swift */; };
/* End PBXBuildFile section */

/* Begin PBXFileReference section */
		861F12B1226395A300FA5C18 /* Test002.app */ = {isa = PBXFileReference; explicitFileType = wrapper.application; includeInIndex = 0; path = Test002.app; sourceTree = BUILT_PRODUCTS_DIR; };
		861F12B4226395A300FA5C18 /* AppDelegate.swift */ = {isa = PBXFileReference; lastKnownFileType = sourcecode.swift; path = AppDelegate.swift; sourceTree = "<group>"; };
		861F12B6226395A300FA5C18 /* ViewController.swift */ = {isa = PBXFileReference; lastKnownFileType = sourcecode.swift; path = ViewController.swift; sourceTree = "<group>"; };
		861F12B9226395A300FA5C18 /* Base */ = {isa = PBXFileReference; lastKnownFileType = file.storyboard; name = Base; path = Base.lproj/Main.storyboard; sourceTree = "<group>"; };
		861F12BB226395A400FA5C18 /* Assets.xcassets */ = {isa = PBXFileReference; lastKnownFileType = folder.assetcatalog; path = Assets.xcassets; sourceTree = "<group>"; };
		861F12BE226395A400FA5C18 /* Base */ = {isa = PBXFileReference; lastKnownFileType = file.storyboard; name = Base; path = Base.lproj/LaunchScreen.storyboard; sourceTree = "<group>"; };
		861F12C0226395A400FA5C18 /* Info.plist */ = {isa = PBXFileReference; lastKnownFileType = text.plist.xml; path = Info.plist; sourceTree = "<group>"; };
		861F12C622639A3400FA5C18 /* Page02Controller.swift */ = {isa = PBXFileReference; lastKnownFileType = sourcecode.swift; path = Page02Controller.swift; sourceTree = "<group>"; };
		861F12C82263A03A00FA5C18 /* CameraViewController.swift */ = {isa = PBXFileReference; lastKnownFileType = sourcecode.swift; path = CameraViewController.swift; sourceTree = "<group>"; };
/* End PBXFileReference section */

/* Begin PBXFrameworksBuildPhase section */
		861F12AE226395A300FA5C18 /* Frameworks */ = {
			isa = PBXFrameworksBuildPhase;
			buildActionMask = 2147483647;
			files = (
			);
			runOnlyForDeploymentPostprocessing = 0;
		};
/* End PBXFrameworksBuildPhase section */

/* Begin PBXGroup section */
		861F12A8226395A300FA5C18 = {
			isa = PBXGroup;
			children = (
				861F12B3226395A300FA5C18 /* Test002 */,
				861F12B2226395A300FA5C18 /* Products */,
			);
			sourceTree = "<group>";
		};
		861F12B2226395A300FA5C18 /* Products */ = {
			isa = PBXGroup;
			children = (
				861F12B1226395A300FA5C18 /* Test002.app */,
			);
			name = Products;
			sourceTree = "<group>";
		};
		861F12B3226395A300FA5C18 /* Test002 */ = {
			isa = PBXGroup;
			children = (
				861F12B4226395A300FA5C18 /* AppDelegate.swift */,
				861F12B6226395A300FA5C18 /* ViewController.swift */,
				861F12C622639A3400FA5C18 /* Page02Controller.swift */,
				861F12C82263A03A00FA5C18 /* CameraViewController.swift */,
				861F12B8226395A300FA5C18 /* Main.storyboard */,
				861F12BB226395A400FA5C18 /* Assets.xcassets */,
				861F12BD226395A400FA5C18 /* LaunchScreen.storyboard */,
				861F12C0226395A400FA5C18 /* Info.plist */,
			);
			path = Test002;
			sourceTree = "<group>";
		};
/* End PBXGroup section */

/* Begin PBXNativeTarget section */
		861F12B0226395A300FA5C18 /* Test002 */ = {
			isa = PBXNativeTarget;
			buildConfigurationList = 861F12C3226395A400FA5C18 /* Build configuration list for PBXNativeTarget "Test002" */;
			buildPhases = (
				861F12AD226395A300FA5C18 /* Sources */,
				861F12AE226395A300FA5C18 /* Frameworks */,
				861F12AF226395A300FA5C18 /* Resources */,
			);
			buildRules = (
			);
			dependencies = (
			);
			name = Test002;
			productName = Test002;
			productReference = 861F12B1226395A300FA5C18 /* Test002.app */;
			productType = "com.apple.product-type.application";
		};
/* End PBXNativeTarget section */

/* Begin PBXProject section */
		861F12A9226395A300FA5C18 /* Project object */ = {
			isa = PBXProject;
			attributes = {
				LastSwiftUpdateCheck = 1010;
				LastUpgradeCheck = 1010;
				ORGANIZATIONNAME = ddwolf;
				TargetAttributes = {
					861F12B0226395A300FA5C18 = {
						CreatedOnToolsVersion = 10.1;
					};
				};
			};
			buildConfigurationList = 861F12AC226395A300FA5C18 /* Build configuration list for PBXProject "Test002" */;
			compatibilityVersion = "Xcode 9.3";
			developmentRegion = en;
			hasScannedForEncodings = 0;
			knownRegions = (
				en,
				Base,
			);
			mainGroup = 861F12A8226395A300FA5C18;
			productRefGroup = 861F12B2226395A300FA5C18 /* Products */;
			projectDirPath = "";
			projectRoot = "";
			targets = (
				861F12B0226395A300FA5C18 /* Test002 */,
			);
		};
/* End PBXProject section */

/* Begin PBXResourcesBuildPhase section */
		861F12AF226395A300FA5C18 /* Resources */ = {
			isa = PBXResourcesBuildPhase;
			buildActionMask = 2147483647;
			files = (
				861F12BF226395A400FA5C18 /* LaunchScreen.storyboard in Resources */,
				861F12BC226395A400FA5C18 /* Assets.xcassets in Resources */,
				861F12BA226395A300FA5C18 /* Main.storyboard in Resources */,
			);
			runOnlyForDeploymentPostprocessing = 0;
		};
/* End PBXResourcesBuildPhase section */

/* Begin PBXSourcesBuildPhase section */
		861F12AD226395A300FA5C18 /* Sources */ = {
			isa = PBXSourcesBuildPhase;
			buildActionMask = 2147483647;
			files = (
				861F12B7226395A300FA5C18 /* ViewController.swift in Sources */,
				861F12C92263A03A00FA5C18 /* CameraViewController.swift in Sources */,
				861F12C722639A3400FA5C18 /* Page02Controller.swift in Sources */,
				861F12B5226395A300FA5C18 /* AppDelegate.swift in Sources */,
			);
			runOnlyForDeploymentPostprocessing = 0;
		};
/* End PBXSourcesBuildPhase section */

/* Begin PBXVariantGroup section */
		861F12B8226395A300FA5C18 /* Main.storyboard */ = {
			isa = PBXVariantGroup;
			children = (
				861F12B9226395A300FA5C18 /* Base */,
			);
			name = Main.storyboard;
			sourceTree = "<group>";
		};
		861F12BD226395A400FA5C18 /* LaunchScreen.storyboard */ = {
			isa = PBXVariantGroup;
			children = (
				861F12BE226395A400FA5C18 /* Base */,
			);
			name = LaunchScreen.storyboard;
			sourceTree = "<group>";
		};
/* End PBXVariantGroup section */

/* Begin XCBuildConfiguration section */
		861F12C1226395A400FA5C18 /* Debug */ = {
			isa = XCBuildConfiguration;
			buildSettings = {
				ALWAYS_SEARCH_USER_PATHS = NO;
				CLANG_ANALYZER_NONNULL = YES;
				CLANG_ANALYZER_NUMBER_OBJECT_CONVERSION = YES_AGGRESSIVE;
				CLANG_CXX_LANGUAGE_STANDARD = "gnu++14";
				CLANG_CXX_LIBRARY = "libc++";
				CLANG_ENABLE_MODULES = YES;
				CLANG_ENABLE_OBJC_ARC = YES;
				CLANG_ENABLE_OBJC_WEAK = YES;
				CLANG_WARN_BLOCK_CAPTURE_AUTORELEASING = YES;
				CLANG_WARN_BOOL_CONVERSION = YES;
				CLANG_WARN_COMMA = YES;
				CLANG_WARN_CONSTANT_CONVERSION = YES;
				CLANG_WARN_DEPRECATED_OBJC_IMPLEMENTATIONS = YES;
				CLANG_WARN_DIRECT_OBJC_ISA_USAGE = YES_ERROR;
				CLANG_WARN_DOCUMENTATION_COMMENTS = YES;
				CLANG_WARN_EMPTY_BODY = YES;
				CLANG_WARN_ENUM_CONVERSION = YES;
				CLANG_WARN_INFINITE_RECURSION = YES;
				CLANG_WARN_INT_CONVERSION = YES;
				CLANG_WARN_NON_LITERAL_NULL_CONVERSION = YES;
				CLANG_WARN_OBJC_IMPLICIT_RETAIN_SELF = YES;
				CLANG_WARN_OBJC_LITERAL_CONVERSION = YES;
				CLANG_WARN_OBJC_ROOT_CLASS = YES_ERROR;
				CLANG_WARN_RANGE_LOOP_ANALYSIS = YES;
				CLANG_WARN_STRICT_PROTOTYPES = YES;
				CLANG_WARN_SUSPICIOUS_MOVE = YES;
				CLANG_WARN_UNGUARDED_AVAILABILITY = YES_AGGRESSIVE;
				CLANG_WARN_UNREACHABLE_CODE = YES;
				CLANG_WARN__DUPLICATE_METHOD_MATCH = YES;
				CODE_SIGN_IDENTITY = "iPhone Developer";
				COPY_PHASE_STRIP = NO;
				DEBUG_INFORMATION_FORMAT = dwarf;
				ENABLE_STRICT_OBJC_MSGSEND = YES;
				ENABLE_TESTABILITY = YES;
				GCC_C_LANGUAGE_STANDARD = gnu11;
				GCC_DYNAMIC_NO_PIC = NO;
				GCC_NO_COMMON_BLOCKS = YES;
				GCC_OPTIMIZATION_LEVEL = 0;
				GCC_PREPROCESSOR_DEFINITIONS = (
					"DEBUG=1",
					"$(inherited)",
				);
				GCC_WARN_64_TO_32_BIT_CONVERSION = YES;
				GCC_WARN_ABOUT_RETURN_TYPE = YES_ERROR;
				GCC_WARN_UNDECLARED_SELECTOR = YES;
				GCC_WARN_UNINITIALIZED_AUTOS = YES_AGGRESSIVE;
				GCC_WARN_UNUSED_FUNCTION = YES;
				GCC_WARN_UNUSED_VARIABLE = YES;
				IPHONEOS_DEPLOYMENT_TARGET = 12.2;
				MTL_ENABLE_DEBUG_INFO = INCLUDE_SOURCE;
				MTL_FAST_MATH = YES;
				ONLY_ACTIVE_ARCH = YES;
				SDKROOT = iphoneos;
				SWIFT_ACTIVE_COMPILATION_CONDITIONS = DEBUG;
				SWIFT_OPTIMIZATION_LEVEL = "-Onone";
			};
			name = Debug;
		};
		861F12C2226395A400FA5C18 /* Release */ = {
			isa = XCBuildConfiguration;
			buildSettings = {
				ALWAYS_SEARCH_USER_PATHS = NO;
				CLANG_ANALYZER_NONNULL = YES;
				CLANG_ANALYZER_NUMBER_OBJECT_CONVERSION = YES_AGGRESSIVE;
				CLANG_CXX_LANGUAGE_STANDARD = "gnu++14";
				CLANG_CXX_LIBRARY = "libc++";
				CLANG_ENABLE_MODULES = YES;
				CLANG_ENABLE_OBJC_ARC = YES;
				CLANG_ENABLE_OBJC_WEAK = YES;
				CLANG_WARN_BLOCK_CAPTURE_AUTORELEASING = YES;
				CLANG_WARN_BOOL_CONVERSION = YES;
				CLANG_WARN_COMMA = YES;
				CLANG_WARN_CONSTANT_CONVERSION = YES;
				CLANG_WARN_DEPRECATED_OBJC_IMPLEMENTATIONS = YES;
				CLANG_WARN_DIRECT_OBJC_ISA_USAGE = YES_ERROR;
				CLANG_WARN_DOCUMENTATION_COMMENTS = YES;
				CLANG_WARN_EMPTY_BODY = YES;
				CLANG_WARN_ENUM_CONVERSION = YES;
				CLANG_WARN_INFINITE_RECURSION = YES;
				CLANG_WARN_INT_CONVERSION = YES;
				CLANG_WARN_NON_LITERAL_NULL_CONVERSION = YES;
				CLANG_WARN_OBJC_IMPLICIT_RETAIN_SELF = YES;
				CLANG_WARN_OBJC_LITERAL_CONVERSION = YES;
				CLANG_WARN_OBJC_ROOT_CLASS = YES_ERROR;
				CLANG_WARN_RANGE_LOOP_ANALYSIS = YES;
				CLANG_WARN_STRICT_PROTOTYPES = YES;
				CLANG_WARN_SUSPICIOUS_MOVE = YES;
				CLANG_WARN_UNGUARDED_AVAILABILITY = YES_AGGRESSIVE;
				CLANG_WARN_UNREACHABLE_CODE = YES;
				CLANG_WARN__DUPLICATE_METHOD_MATCH = YES;
				CODE_SIGN_IDENTITY = "iPhone Developer";
				COPY_PHASE_STRIP = NO;
				DEBUG_INFORMATION_FORMAT = "dwarf-with-dsym";
				ENABLE_NS_ASSERTIONS = NO;
				ENABLE_STRICT_OBJC_MSGSEND = YES;
				GCC_C_LANGUAGE_STANDARD = gnu11;
				GCC_NO_COMMON_BLOCKS = YES;
				GCC_WARN_64_TO_32_BIT_CONVERSION = YES;
				GCC_WARN_ABOUT_RETURN_TYPE = YES_ERROR;
				GCC_WARN_UNDECLARED_SELECTOR = YES;
				GCC_WARN_UNINITIALIZED_AUTOS = YES_AGGRESSIVE;
				GCC_WARN_UNUSED_FUNCTION = YES;
				GCC_WARN_UNUSED_VARIABLE = YES;
				IPHONEOS_DEPLOYMENT_TARGET = 12.2;
				MTL_ENABLE_DEBUG_INFO = NO;
				MTL_FAST_MATH = YES;
				SDKROOT = iphoneos;
				SWIFT_COMPILATION_MODE = wholemodule;
				SWIFT_OPTIMIZATION_LEVEL = "-O";
				VALIDATE_PRODUCT = YES;
			};
			name = Release;
		};
		861F12C4226395A400FA5C18 /* Debug */ = {
			isa = XCBuildConfiguration;
			buildSettings = {
				ASSETCATALOG_COMPILER_APPICON_NAME = AppIcon;
				CODE_SIGN_STYLE = Automatic;
				DEVELOPMENT_TEAM = 4VJ9Z2BDSH;
				INFOPLIST_FILE = Test002/Info.plist;
				IPHONEOS_DEPLOYMENT_TARGET = 12.2;
				LD_RUNPATH_SEARCH_PATHS = (
					"$(inherited)",
					"@executable_path/Frameworks",
				);
				PRODUCT_BUNDLE_IDENTIFIER = com.ddwolf.Test002;
				PRODUCT_NAME = "$(TARGET_NAME)";
				SWIFT_VERSION = 4.2;
				TARGETED_DEVICE_FAMILY = 1;
			};
			name = Debug;
		};
		861F12C5226395A400FA5C18 /* Release */ = {
			isa = XCBuildConfiguration;
			buildSettings = {
				ASSETCATALOG_COMPILER_APPICON_NAME = AppIcon;
				CODE_SIGN_STYLE = Automatic;
				DEVELOPMENT_TEAM = 4VJ9Z2BDSH;
				INFOPLIST_FILE = Test002/Info.plist;
				IPHONEOS_DEPLOYMENT_TARGET = 12.2;
				LD_RUNPATH_SEARCH_PATHS = (
					"$(inherited)",
					"@executable_path/Frameworks",
				);
				PRODUCT_BUNDLE_IDENTIFIER = com.ddwolf.Test002;
				PRODUCT_NAME = "$(TARGET_NAME)";
				SWIFT_VERSION = 4.2;
				TARGETED_DEVICE_FAMILY = 1;
			};
			name = Release;
		};
/* End XCBuildConfiguration section */

/* Begin XCConfigurationList section */
		861F12AC226395A300FA5C18 /* Build configuration list for PBXProject "Test002" */ = {
			isa = XCConfigurationList;
			buildConfigurations = (
				861F12C1226395A400FA5C18 /* Debug */,
				861F12C2226395A400FA5C18 /* Release */,
			);
			defaultConfigurationIsVisible = 0;
			defaultConfigurationName = Release;
		};
		861F12C3226395A400FA5C18 /* Build configuration list for PBXNativeTarget "Test002" */ = {
			isa = XCConfigurationList;
			buildConfigurations = (
				861F12C4226395A400FA5C18 /* Debug */,
				861F12C5226395A400FA5C18 /* Release */,
			);
			defaultConfigurationIsVisible = 0;
			defaultConfigurationName = Release;
		};
/* End XCConfigurationList section */
	};
	rootObject = 861F12A9226395A300FA5C18 /* Project object */;
}
